
Microsoft Visual Studio Solution File, Format Version 12.00
# Visual Studio Version 17
VisualStudioVersion = 17.8.34322.80
MinimumVisualStudioVersion = 10.0.40219.1
Project("{FAE04EC0-301F-11D3-BF4B-00C04F79EFBC}") = "DuckGame", "DuckGame.csproj", "{733C9D8E-98CC-49FC-86A7-7A91D011E281}"
EndProject
Global
	GlobalSection(SolutionConfigurationPlatforms) = preSolution
		Debug|Any CPU = Debug|Any CPU
		Release|Any CPU = Release|Any CPU
	EndGlobalSection
	GlobalSection(ProjectConfigurationPlatforms) = postSolution
		{733C9D8E-98CC-49FC-86A7-7A91D011E281}.Debug|Any CPU.ActiveCfg = Debug|Any CPU
		{733C9D8E-98CC-49FC-86A7-7A91D011E281}.Debug|Any CPU.Build.0 = Debug|Any CPU
		{733C9D8E-98CC-49FC-86A7-7A91D011E281}.Release|Any CPU.ActiveCfg = Release|Any CPU
		{733C9D8E-98CC-49FC-86A7-7A91D011E281}.Release|Any CPU.Build.0 = Release|Any CPU
	EndGlobalSection
	GlobalSection(SolutionProperties) = preSolution
		HideSolutionNode = FALSE
	EndGlobalSection
	GlobalSection(ExtensibilityGlobals) = postSolution
		SolutionGuid = {C52D26FE-54C3-4A87-AEA0-E425D4F220D5}
	EndGlobalSection
EndGlobal
